
Microsoft Visual Studio Solution File, Format Version 12.00
# Visual Studio Version 17
VisualStudioVersion = 17.9.34728.123
MinimumVisualStudioVersion = 10.0.40219.1
Project("{FAE04EC0-301F-11D3-BF4B-00C04F79EFBC}") = "ConsoleApp1", "ConsoleApp1.csproj", "{6A3D59EB-FFC3-4192-8001-24E04F686EDC}"
EndProject
Global
	GlobalSection(SolutionConfigurationPlatforms) = preSolution
		Debug|Any CPU = Debug|Any CPU
		Release|Any CPU = Release|Any CPU
	EndGlobalSection
	GlobalSection(ProjectConfigurationPlatforms) = postSolution
		{6A3D59EB-FFC3-4192-8001-24E04F686EDC}.Debug|Any CPU.ActiveCfg = Debug|Any CPU
		{6A3D59EB-FFC3-4192-8001-24E04F686EDC}.Debug|Any CPU.Build.0 = Debug|Any CPU
		{6A3D59EB-FFC3-4192-8001-24E04F686EDC}.Release|Any CPU.ActiveCfg = Release|Any CPU
		{6A3D59EB-FFC3-4192-8001-24E04F686EDC}.Release|Any CPU.Build.0 = Release|Any CPU
	EndGlobalSection
	GlobalSection(SolutionProperties) = preSolution
		HideSolutionNode = FALSE
	EndGlobalSection
	GlobalSection(ExtensibilityGlobals) = postSolution
		SolutionGuid = {C109091F-E96F-447D-AB25-71D5B03AEC3C}
	EndGlobalSection
EndGlobal
