
Microsoft Visual Studio Solution File, Format Version 12.00
# Visual Studio Version 17
VisualStudioVersion = 17.9.34728.123
MinimumVisualStudioVersion = 10.0.40219.1
Project("{FAE04EC0-301F-11D3-BF4B-00C04F79EFBC}") = "ConsoleApp1", "ConsoleApp1.csproj", "{CFA30720-3BC6-4247-A92C-A7E03E6A8FCE}"
EndProject
Global
	GlobalSection(SolutionConfigurationPlatforms) = preSolution
		Debug|Any CPU = Debug|Any CPU
		Release|Any CPU = Release|Any CPU
	EndGlobalSection
	GlobalSection(ProjectConfigurationPlatforms) = postSolution
		{CFA30720-3BC6-4247-A92C-A7E03E6A8FCE}.Debug|Any CPU.ActiveCfg = Debug|Any CPU
		{CFA30720-3BC6-4247-A92C-A7E03E6A8FCE}.Debug|Any CPU.Build.0 = Debug|Any CPU
		{CFA30720-3BC6-4247-A92C-A7E03E6A8FCE}.Release|Any CPU.ActiveCfg = Release|Any CPU
		{CFA30720-3BC6-4247-A92C-A7E03E6A8FCE}.Release|Any CPU.Build.0 = Release|Any CPU
	EndGlobalSection
	GlobalSection(SolutionProperties) = preSolution
		HideSolutionNode = FALSE
	EndGlobalSection
	GlobalSection(ExtensibilityGlobals) = postSolution
		SolutionGuid = {2DB0DD49-8514-4537-ADC3-8E5846FEE1B6}
	EndGlobalSection
EndGlobal
